// !$*UTF8*$!
{
	archiveVersion = 1;
	classes = {
	};
	objectVersion = 46;
	objects = {

/* Begin PBXBuildFile section */
		2C1E50771DD21DEE006E35B4 /* main.m in Sources */ = {isa = PBXBuildFile; fileRef = 2C1E50761DD21DEE006E35B4 /* main.m */; };
		2C1E507A1DD21DEE006E35B4 /* AppDelegate.m in Sources */ = {isa = PBXBuildFile; fileRef = 2C1E50791DD21DEE006E35B4 /* AppDelegate.m */; };
		2C1E50801DD21DEE006E35B4 /* Main.storyboard in Resources */ = {isa = PBXBuildFile; fileRef = 2C1E507E1DD21DEE006E35B4 /* Main.storyboard */; };
		2C1E50821DD21DEE006E35B4 /* Assets.xcassets in Resources */ = {isa = PBXBuildFile; fileRef = 2C1E50811DD21DEE006E35B4 /* Assets.xcassets */; };
		2C1E50851DD21DEE006E35B4 /* LaunchScreen.storyboard in Resources */ = {isa = PBXBuildFile; fileRef = 2C1E50831DD21DEE006E35B4 /* LaunchScreen.storyboard */; };
		2C1E508E1DD223AE006E35B4 /* GroceriesTableViewController.m in Sources */ = {isa = PBXBuildFile; fileRef = 2C1E508D1DD223AE006E35B4 /* GroceriesTableViewController.m */; };
		2C989A641DD36FDE00E23FB4 /* GroceryItem.m in Sources */ = {isa = PBXBuildFile; fileRef = 2C989A631DD36FDE00E23FB4 /* GroceryItem.m */; };
		2CAA44C91DD4C27D00B9F0B8 /* groceries.json in Resources */ = {isa = PBXBuildFile; fileRef = 2CAA44C81DD4C27D00B9F0B8 /* groceries.json */; };
		2CE66DA81DD7CE8700B70390 /* GroceryItemDetailViewController.m in Sources */ = {isa = PBXBuildFile; fileRef = 2CE66DA71DD7CE8700B70390 /* GroceryItemDetailViewController.m */; };
/* End PBXBuildFile section */

/* Begin PBXFileReference section */
		2C1E50721DD21DED006E35B4 /* Groceries.app */ = {isa = PBXFileReference; explicitFileType = wrapper.application; includeInIndex = 0; path = Groceries.app; sourceTree = BUILT_PRODUCTS_DIR; };
		2C1E50761DD21DEE006E35B4 /* main.m */ = {isa = PBXFileReference; lastKnownFileType = sourcecode.c.objc; path = main.m; sourceTree = "<group>"; };
		2C1E50781DD21DEE006E35B4 /* AppDelegate.h */ = {isa = PBXFileReference; lastKnownFileType = sourcecode.c.h; path = AppDelegate.h; sourceTree = "<group>"; };
		2C1E50791DD21DEE006E35B4 /* AppDelegate.m */ = {isa = PBXFileReference; lastKnownFileType = sourcecode.c.objc; path = AppDelegate.m; sourceTree = "<group>"; };
		2C1E507F1DD21DEE006E35B4 /* Base */ = {isa = PBXFileReference; lastKnownFileType = file.storyboard; name = Base; path = Base.lproj/Main.storyboard; sourceTree = "<group>"; };
		2C1E50811DD21DEE006E35B4 /* Assets.xcassets */ = {isa = PBXFileReference; lastKnownFileType = folder.assetcatalog; path = Assets.xcassets; sourceTree = "<group>"; };
		2C1E50841DD21DEE006E35B4 /* Base */ = {isa = PBXFileReference; lastKnownFileType = file.storyboard; name = Base; path = Base.lproj/LaunchScreen.storyboard; sourceTree = "<group>"; };
		2C1E50861DD21DEE006E35B4 /* Info.plist */ = {isa = PBXFileReference; lastKnownFileType = text.plist.xml; path = Info.plist; sourceTree = "<group>"; };
		2C1E508C1DD223AE006E35B4 /* GroceriesTableViewController.h */ = {isa = PBXFileReference; fileEncoding = 4; lastKnownFileType = sourcecode.c.h; path = GroceriesTableViewController.h; sourceTree = "<group>"; };
		2C1E508D1DD223AE006E35B4 /* GroceriesTableViewController.m */ = {isa = PBXFileReference; fileEncoding = 4; lastKnownFileType = sourcecode.c.objc; path = GroceriesTableViewController.m; sourceTree = "<group>"; };
		2C989A621DD36FDE00E23FB4 /* GroceryItem.h */ = {isa = PBXFileReference; fileEncoding = 4; lastKnownFileType = sourcecode.c.h; name = GroceryItem.h; path = ../GroceryItem.h; sourceTree = "<group>"; };
		2C989A631DD36FDE00E23FB4 /* GroceryItem.m */ = {isa = PBXFileReference; fileEncoding = 4; lastKnownFileType = sourcecode.c.objc; name = GroceryItem.m; path = ../GroceryItem.m; sourceTree = "<group>"; };
		2CAA44C81DD4C27D00B9F0B8 /* groceries.json */ = {isa = PBXFileReference; fileEncoding = 4; lastKnownFileType = text.json; path = groceries.json; sourceTree = "<group>"; };
		2CE66DA61DD7CE8700B70390 /* GroceryItemDetailViewController.h */ = {isa = PBXFileReference; fileEncoding = 4; lastKnownFileType = sourcecode.c.h; path = GroceryItemDetailViewController.h; sourceTree = "<group>"; };
		2CE66DA71DD7CE8700B70390 /* GroceryItemDetailViewController.m */ = {isa = PBXFileReference; fileEncoding = 4; lastKnownFileType = sourcecode.c.objc; path = GroceryItemDetailViewController.m; sourceTree = "<group>"; };
/* End PBXFileReference section */

/* Begin PBXFrameworksBuildPhase section */
		2C1E506F1DD21DED006E35B4 /* Frameworks */ = {
			isa = PBXFrameworksBuildPhase;
			buildActionMask = 2147483647;
			files = (
			);
			runOnlyForDeploymentPostprocessing = 0;
		};
/* End PBXFrameworksBuildPhase section */

/* Begin PBXGroup section */
		2C1E50691DD21DED006E35B4 = {
			isa = PBXGroup;
			children = (
				2C1E50741DD21DED006E35B4 /* Groceries */,
				2C1E50731DD21DED006E35B4 /* Products */,
			);
			sourceTree = "<group>";
		};
		2C1E50731DD21DED006E35B4 /* Products */ = {
			isa = PBXGroup;
			children = (
				2C1E50721DD21DED006E35B4 /* Groceries.app */,
			);
			name = Products;
			sourceTree = "<group>";
		};
		2C1E50741DD21DED006E35B4 /* Groceries */ = {
			isa = PBXGroup;
			children = (
				2CAA44C81DD4C27D00B9F0B8 /* groceries.json */,
				2C1E50781DD21DEE006E35B4 /* AppDelegate.h */,
				2C1E50791DD21DEE006E35B4 /* AppDelegate.m */,
				2C989A631DD36FDE00E23FB4 /* GroceryItem.m */,
				2C989A621DD36FDE00E23FB4 /* GroceryItem.h */,
				2C1E508C1DD223AE006E35B4 /* GroceriesTableViewController.h */,
				2C1E508D1DD223AE006E35B4 /* GroceriesTableViewController.m */,
				2CE66DA61DD7CE8700B70390 /* GroceryItemDetailViewController.h */,
				2CE66DA71DD7CE8700B70390 /* GroceryItemDetailViewController.m */,
				2C1E507E1DD21DEE006E35B4 /* Main.storyboard */,
				2C1E50811DD21DEE006E35B4 /* Assets.xcassets */,
				2C1E50831DD21DEE006E35B4 /* LaunchScreen.storyboard */,
				2C1E50861DD21DEE006E35B4 /* Info.plist */,
				2C1E50751DD21DED006E35B4 /* Supporting Files */,
			);
			path = Groceries;
			sourceTree = "<group>";
		};
		2C1E50751DD21DED006E35B4 /* Supporting Files */ = {
			isa = PBXGroup;
			children = (
				2C1E50761DD21DEE006E35B4 /* main.m */,
			);
			name = "Supporting Files";
			sourceTree = "<group>";
		};
/* End PBXGroup section */

/* Begin PBXNativeTarget section */
		2C1E50711DD21DED006E35B4 /* Groceries */ = {
			isa = PBXNativeTarget;
			buildConfigurationList = 2C1E50891DD21DEE006E35B4 /* Build configuration list for PBXNativeTarget "Groceries" */;
			buildPhases = (
				2C1E506E1DD21DED006E35B4 /* Sources */,
				2C1E506F1DD21DED006E35B4 /* Frameworks */,
				2C1E50701DD21DED006E35B4 /* Resources */,
			);
			buildRules = (
			);
			dependencies = (
			);
			name = Groceries;
			productName = Groceries;
			productReference = 2C1E50721DD21DED006E35B4 /* Groceries.app */;
			productType = "com.apple.product-type.application";
		};
/* End PBXNativeTarget section */

/* Begin PBXProject section */
		2C1E506A1DD21DED006E35B4 /* Project object */ = {
			isa = PBXProject;
			attributes = {
				LastUpgradeCheck = 0810;
				ORGANIZATIONNAME = "The Iron Yard";
				TargetAttributes = {
					2C1E50711DD21DED006E35B4 = {
						CreatedOnToolsVersion = 8.1;
						ProvisioningStyle = Automatic;
					};
				};
			};
			buildConfigurationList = 2C1E506D1DD21DED006E35B4 /* Build configuration list for PBXProject "Groceries" */;
			compatibilityVersion = "Xcode 3.2";
			developmentRegion = English;
			hasScannedForEncodings = 0;
			knownRegions = (
				en,
				Base,
			);
			mainGroup = 2C1E50691DD21DED006E35B4;
			productRefGroup = 2C1E50731DD21DED006E35B4 /* Products */;
			projectDirPath = "";
			projectRoot = "";
			targets = (
				2C1E50711DD21DED006E35B4 /* Groceries */,
			);
		};
/* End PBXProject section */

/* Begin PBXResourcesBuildPhase section */
		2C1E50701DD21DED006E35B4 /* Resources */ = {
			isa = PBXResourcesBuildPhase;
			buildActionMask = 2147483647;
			files = (
				2C1E50851DD21DEE006E35B4 /* LaunchScreen.storyboard in Resources */,
				2CAA44C91DD4C27D00B9F0B8 /* groceries.json in Resources */,
				2C1E50821DD21DEE006E35B4 /* Assets.xcassets in Resources */,
				2C1E50801DD21DEE006E35B4 /* Main.storyboard in Resources */,
			);
			runOnlyForDeploymentPostprocessing = 0;
		};
/* End PBXResourcesBuildPhase section */

/* Begin PBXSourcesBuildPhase section */
		2C1E506E1DD21DED006E35B4 /* Sources */ = {
			isa = PBXSourcesBuildPhase;
			buildActionMask = 2147483647;
			files = (
				2C1E508E1DD223AE006E35B4 /* GroceriesTableViewController.m in Sources */,
				2CE66DA81DD7CE8700B70390 /* GroceryItemDetailViewController.m in Sources */,
				2C1E507A1DD21DEE006E35B4 /* AppDelegate.m in Sources */,
				2C989A641DD36FDE00E23FB4 /* GroceryItem.m in Sources */,
				2C1E50771DD21DEE006E35B4 /* main.m in Sources */,
			);
			runOnlyForDeploymentPostprocessing = 0;
		};
/* End PBXSourcesBuildPhase section */

/* Begin PBXVariantGroup section */
		2C1E507E1DD21DEE006E35B4 /* Main.storyboard */ = {
			isa = PBXVariantGroup;
			children = (
				2C1E507F1DD21DEE006E35B4 /* Base */,
			);
			name = Main.storyboard;
			sourceTree = "<group>";
		};
		2C1E50831DD21DEE006E35B4 /* LaunchScreen.storyboard */ = {
			isa = PBXVariantGroup;
			children = (
				2C1E50841DD21DEE006E35B4 /* Base */,
			);
			name = LaunchScreen.storyboard;
			sourceTree = "<group>";
		};
/* End PBXVariantGroup section */

/* Begin XCBuildConfiguration section */
		2C1E50871DD21DEE006E35B4 /* Debug */ = {
			isa = XCBuildConfiguration;
			buildSettings = {
				ALWAYS_SEARCH_USER_PATHS = NO;
				CLANG_ANALYZER_NONNULL = YES;
				CLANG_CXX_LANGUAGE_STANDARD = "gnu++0x";
				CLANG_CXX_LIBRARY = "libc++";
				CLANG_ENABLE_MODULES = YES;
				CLANG_ENABLE_OBJC_ARC = YES;
				CLANG_WARN_BOOL_CONVERSION = YES;
				CLANG_WARN_CONSTANT_CONVERSION = YES;
				CLANG_WARN_DIRECT_OBJC_ISA_USAGE = YES_ERROR;
				CLANG_WARN_DOCUMENTATION_COMMENTS = YES;
				CLANG_WARN_EMPTY_BODY = YES;
				CLANG_WARN_ENUM_CONVERSION = YES;
				CLANG_WARN_INFINITE_RECURSION = YES;
				CLANG_WARN_INT_CONVERSION = YES;
				CLANG_WARN_OBJC_ROOT_CLASS = YES_ERROR;
				CLANG_WARN_SUSPICIOUS_MOVES = YES;
				CLANG_WARN_UNREACHABLE_CODE = YES;
				CLANG_WARN__DUPLICATE_METHOD_MATCH = YES;
				"CODE_SIGN_IDENTITY[sdk=iphoneos*]" = "iPhone Developer";
				COPY_PHASE_STRIP = NO;
				DEBUG_INFORMATION_FORMAT = dwarf;
				ENABLE_STRICT_OBJC_MSGSEND = YES;
				ENABLE_TESTABILITY = YES;
				GCC_C_LANGUAGE_STANDARD = gnu99;
				GCC_DYNAMIC_NO_PIC = NO;
				GCC_NO_COMMON_BLOCKS = YES;
				GCC_OPTIMIZATION_LEVEL = 0;
				GCC_PREPROCESSOR_DEFINITIONS = (
					"DEBUG=1",
					"$(inherited)",
				);
				GCC_WARN_64_TO_32_BIT_CONVERSION = YES;
				GCC_WARN_ABOUT_RETURN_TYPE = YES_ERROR;
				GCC_WARN_UNDECLARED_SELECTOR = YES;
				GCC_WARN_UNINITIALIZED_AUTOS = YES_AGGRESSIVE;
				GCC_WARN_UNUSED_FUNCTION = YES;
				GCC_WARN_UNUSED_VARIABLE = YES;
				IPHONEOS_DEPLOYMENT_TARGET = 10.1;
				MTL_ENABLE_DEBUG_INFO = YES;
				ONLY_ACTIVE_ARCH = YES;
				SDKROOT = iphoneos;
			};
			name = Debug;
		};
		2C1E50881DD21DEE006E35B4 /* Release */ = {
			isa = XCBuildConfiguration;
			buildSettings = {
				ALWAYS_SEARCH_USER_PATHS = NO;
				CLANG_ANALYZER_NONNULL = YES;
				CLANG_CXX_LANGUAGE_STANDARD = "gnu++0x";
				CLANG_CXX_LIBRARY = "libc++";
				CLANG_ENABLE_MODULES = YES;
				CLANG_ENABLE_OBJC_ARC = YES;
				CLANG_WARN_BOOL_CONVERSION = YES;
				CLANG_WARN_CONSTANT_CONVERSION = YES;
				CLANG_WARN_DIRECT_OBJC_ISA_USAGE = YES_ERROR;
				CLANG_WARN_DOCUMENTATION_COMMENTS = YES;
				CLANG_WARN_EMPTY_BODY = YES;
				CLANG_WARN_ENUM_CONVERSION = YES;
				CLANG_WARN_INFINITE_RECURSION = YES;
				CLANG_WARN_INT_CONVERSION = YES;
				CLANG_WARN_OBJC_ROOT_CLASS = YES_ERROR;
				CLANG_WARN_SUSPICIOUS_MOVES = YES;
				CLANG_WARN_UNREACHABLE_CODE = YES;
				CLANG_WARN__DUPLICATE_METHOD_MATCH = YES;
				"CODE_SIGN_IDENTITY[sdk=iphoneos*]" = "iPhone Developer";
				COPY_PHASE_STRIP = NO;
				DEBUG_INFORMATION_FORMAT = "dwarf-with-dsym";
				ENABLE_NS_ASSERTIONS = NO;
				ENABLE_STRICT_OBJC_MSGSEND = YES;
				GCC_C_LANGUAGE_STANDARD = gnu99;
				GCC_NO_COMMON_BLOCKS = YES;
				GCC_WARN_64_TO_32_BIT_CONVERSION = YES;
				GCC_WARN_ABOUT_RETURN_TYPE = YES_ERROR;
				GCC_WARN_UNDECLARED_SELECTOR = YES;
				GCC_WARN_UNINITIALIZED_AUTOS = YES_AGGRESSIVE;
				GCC_WARN_UNUSED_FUNCTION = YES;
				GCC_WARN_UNUSED_VARIABLE = YES;
				IPHONEOS_DEPLOYMENT_TARGET = 10.1;
				MTL_ENABLE_DEBUG_INFO = NO;
				SDKROOT = iphoneos;
				VALIDATE_PRODUCT = YES;
			};
			name = Release;
		};
		2C1E508A1DD21DEE006E35B4 /* Debug */ = {
			isa = XCBuildConfiguration;
			buildSettings = {
				ASSETCATALOG_COMPILER_APPICON_NAME = AppIcon;
				INFOPLIST_FILE = Groceries/Info.plist;
				LD_RUNPATH_SEARCH_PATHS = "$(inherited) @executable_path/Frameworks";
				PRODUCT_BUNDLE_IDENTIFIER = com.tiy.Groceries;
				PRODUCT_NAME = "$(TARGET_NAME)";
			};
			name = Debug;
		};
		2C1E508B1DD21DEE006E35B4 /* Release */ = {
			isa = XCBuildConfiguration;
			buildSettings = {
				ASSETCATALOG_COMPILER_APPICON_NAME = AppIcon;
				INFOPLIST_FILE = Groceries/Info.plist;
				LD_RUNPATH_SEARCH_PATHS = "$(inherited) @executable_path/Frameworks";
				PRODUCT_BUNDLE_IDENTIFIER = com.tiy.Groceries;
				PRODUCT_NAME = "$(TARGET_NAME)";
			};
			name = Release;
		};
/* End XCBuildConfiguration section */

/* Begin XCConfigurationList section */
		2C1E506D1DD21DED006E35B4 /* Build configuration list for PBXProject "Groceries" */ = {
			isa = XCConfigurationList;
			buildConfigurations = (
				2C1E50871DD21DEE006E35B4 /* Debug */,
				2C1E50881DD21DEE006E35B4 /* Release */,
			);
			defaultConfigurationIsVisible = 0;
			defaultConfigurationName = Release;
		};
		2C1E50891DD21DEE006E35B4 /* Build configuration list for PBXNativeTarget "Groceries" */ = {
			isa = XCConfigurationList;
			buildConfigurations = (
				2C1E508A1DD21DEE006E35B4 /* Debug */,
				2C1E508B1DD21DEE006E35B4 /* Release */,
			);
			defaultConfigurationIsVisible = 0;
			defaultConfigurationName = Release;
		};
/* End XCConfigurationList section */
	};
	rootObject = 2C1E506A1DD21DED006E35B4 /* Project object */;
}
